// !$*UTF8*$!
{
	archiveVersion = 1;
	classes = {
	};
	objectVersion = 50;
	objects = {

/* Begin PBXBuildFile section */
		7A3122FB246A0191001B1C82 /* AppDelegate.swift in Sources */ = {isa = PBXBuildFile; fileRef = 7A3122FA246A0191001B1C82 /* AppDelegate.swift */; };
		7A3122FD246A0191001B1C82 /* SceneDelegate.swift in Sources */ = {isa = PBXBuildFile; fileRef = 7A3122FC246A0191001B1C82 /* SceneDelegate.swift */; };
		7A3122FF246A0191001B1C82 /* ViewController.swift in Sources */ = {isa = PBXBuildFile; fileRef = 7A3122FE246A0191001B1C82 /* ViewController.swift */; };
		7A312302246A0191001B1C82 /* Main.storyboard in Resources */ = {isa = PBXBuildFile; fileRef = 7A312300246A0191001B1C82 /* Main.storyboard */; };
		7A312304246A01A6001B1C82 /* Assets.xcassets in Resources */ = {isa = PBXBuildFile; fileRef = 7A312303246A01A6001B1C82 /* Assets.xcassets */; };
		7A312307246A01A6001B1C82 /* LaunchScreen.storyboard in Resources */ = {isa = PBXBuildFile; fileRef = 7A312305246A01A6001B1C82 /* LaunchScreen.storyboard */; };
		7A312312246A01A6001B1C82 /* Connect4Tests.swift in Sources */ = {isa = PBXBuildFile; fileRef = 7A312311246A01A6001B1C82 /* Connect4Tests.swift */; };
		7A31231D246A01A6001B1C82 /* Connect4UITests.swift in Sources */ = {isa = PBXBuildFile; fileRef = 7A31231C246A01A6001B1C82 /* Connect4UITests.swift */; };
/* End PBXBuildFile section */

/* Begin PBXContainerItemProxy section */
		7A31230E246A01A6001B1C82 /* PBXContainerItemProxy */ = {
			isa = PBXContainerItemProxy;
			containerPortal = 7A3122EF246A0190001B1C82 /* Project object */;
			proxyType = 1;
			remoteGlobalIDString = 7A3122F6246A0191001B1C82;
			remoteInfo = Connect4;
		};
		7A312319246A01A6001B1C82 /* PBXContainerItemProxy */ = {
			isa = PBXContainerItemProxy;
			containerPortal = 7A3122EF246A0190001B1C82 /* Project object */;
			proxyType = 1;
			remoteGlobalIDString = 7A3122F6246A0191001B1C82;
			remoteInfo = Connect4;
		};
/* End PBXContainerItemProxy section */

/* Begin PBXFileReference section */
		7A3122F7246A0191001B1C82 /* Connect4.app */ = {isa = PBXFileReference; explicitFileType = wrapper.application; includeInIndex = 0; path = Connect4.app; sourceTree = BUILT_PRODUCTS_DIR; };
		7A3122FA246A0191001B1C82 /* AppDelegate.swift */ = {isa = PBXFileReference; lastKnownFileType = sourcecode.swift; path = AppDelegate.swift; sourceTree = "<group>"; };
		7A3122FC246A0191001B1C82 /* SceneDelegate.swift */ = {isa = PBXFileReference; lastKnownFileType = sourcecode.swift; path = SceneDelegate.swift; sourceTree = "<group>"; };
		7A3122FE246A0191001B1C82 /* ViewController.swift */ = {isa = PBXFileReference; lastKnownFileType = sourcecode.swift; path = ViewController.swift; sourceTree = "<group>"; };
		7A312301246A0191001B1C82 /* Base */ = {isa = PBXFileReference; lastKnownFileType = file.storyboard; name = Base; path = Base.lproj/Main.storyboard; sourceTree = "<group>"; };
		7A312303246A01A6001B1C82 /* Assets.xcassets */ = {isa = PBXFileReference; lastKnownFileType = folder.assetcatalog; path = Assets.xcassets; sourceTree = "<group>"; };
		7A312306246A01A6001B1C82 /* Base */ = {isa = PBXFileReference; lastKnownFileType = file.storyboard; name = Base; path = Base.lproj/LaunchScreen.storyboard; sourceTree = "<group>"; };
		7A312308246A01A6001B1C82 /* Info.plist */ = {isa = PBXFileReference; lastKnownFileType = text.plist.xml; path = Info.plist; sourceTree = "<group>"; };
		7A31230D246A01A6001B1C82 /* Connect4Tests.xctest */ = {isa = PBXFileReference; explicitFileType = wrapper.cfbundle; includeInIndex = 0; path = Connect4Tests.xctest; sourceTree = BUILT_PRODUCTS_DIR; };
		7A312311246A01A6001B1C82 /* Connect4Tests.swift */ = {isa = PBXFileReference; lastKnownFileType = sourcecode.swift; path = Connect4Tests.swift; sourceTree = "<group>"; };
		7A312313246A01A6001B1C82 /* Info.plist */ = {isa = PBXFileReference; lastKnownFileType = text.plist.xml; path = Info.plist; sourceTree = "<group>"; };
		7A312318246A01A6001B1C82 /* Connect4UITests.xctest */ = {isa = PBXFileReference; explicitFileType = wrapper.cfbundle; includeInIndex = 0; path = Connect4UITests.xctest; sourceTree = BUILT_PRODUCTS_DIR; };
		7A31231C246A01A6001B1C82 /* Connect4UITests.swift */ = {isa = PBXFileReference; lastKnownFileType = sourcecode.swift; path = Connect4UITests.swift; sourceTree = "<group>"; };
		7A31231E246A01A6001B1C82 /* Info.plist */ = {isa = PBXFileReference; lastKnownFileType = text.plist.xml; path = Info.plist; sourceTree = "<group>"; };
/* End PBXFileReference section */

/* Begin PBXFrameworksBuildPhase section */
		7A3122F4246A0191001B1C82 /* Frameworks */ = {
			isa = PBXFrameworksBuildPhase;
			buildActionMask = 2147483647;
			files = (
			);
			runOnlyForDeploymentPostprocessing = 0;
		};
		7A31230A246A01A6001B1C82 /* Frameworks */ = {
			isa = PBXFrameworksBuildPhase;
			buildActionMask = 2147483647;
			files = (
			);
			runOnlyForDeploymentPostprocessing = 0;
		};
		7A312315246A01A6001B1C82 /* Frameworks */ = {
			isa = PBXFrameworksBuildPhase;
			buildActionMask = 2147483647;
			files = (
			);
			runOnlyForDeploymentPostprocessing = 0;
		};
/* End PBXFrameworksBuildPhase section */

/* Begin PBXGroup section */
		7A3122EE246A0190001B1C82 = {
			isa = PBXGroup;
			children = (
				7A3122F9246A0191001B1C82 /* Connect4 */,
				7A312310246A01A6001B1C82 /* Connect4Tests */,
				7A31231B246A01A6001B1C82 /* Connect4UITests */,
				7A3122F8246A0191001B1C82 /* Products */,
			);
			sourceTree = "<group>";
		};
		7A3122F8246A0191001B1C82 /* Products */ = {
			isa = PBXGroup;
			children = (
				7A3122F7246A0191001B1C82 /* Connect4.app */,
				7A31230D246A01A6001B1C82 /* Connect4Tests.xctest */,
				7A312318246A01A6001B1C82 /* Connect4UITests.xctest */,
			);
			name = Products;
			sourceTree = "<group>";
		};
		7A3122F9246A0191001B1C82 /* Connect4 */ = {
			isa = PBXGroup;
			children = (
				7A3122FA246A0191001B1C82 /* AppDelegate.swift */,
				7A3122FC246A0191001B1C82 /* SceneDelegate.swift */,
				7A3122FE246A0191001B1C82 /* ViewController.swift */,
				7A312300246A0191001B1C82 /* Main.storyboard */,
				7A312303246A01A6001B1C82 /* Assets.xcassets */,
				7A312305246A01A6001B1C82 /* LaunchScreen.storyboard */,
				7A312308246A01A6001B1C82 /* Info.plist */,
			);
			path = Connect4;
			sourceTree = "<group>";
		};
		7A312310246A01A6001B1C82 /* Connect4Tests */ = {
			isa = PBXGroup;
			children = (
				7A312311246A01A6001B1C82 /* Connect4Tests.swift */,
				7A312313246A01A6001B1C82 /* Info.plist */,
			);
			path = Connect4Tests;
			sourceTree = "<group>";
		};
		7A31231B246A01A6001B1C82 /* Connect4UITests */ = {
			isa = PBXGroup;
			children = (
				7A31231C246A01A6001B1C82 /* Connect4UITests.swift */,
				7A31231E246A01A6001B1C82 /* Info.plist */,
			);
			path = Connect4UITests;
			sourceTree = "<group>";
		};
/* End PBXGroup section */

/* Begin PBXNativeTarget section */
		7A3122F6246A0191001B1C82 /* Connect4 */ = {
			isa = PBXNativeTarget;
			buildConfigurationList = 7A312321246A01A6001B1C82 /* Build configuration list for PBXNativeTarget "Connect4" */;
			buildPhases = (
				7A3122F3246A0191001B1C82 /* Sources */,
				7A3122F4246A0191001B1C82 /* Frameworks */,
				7A3122F5246A0191001B1C82 /* Resources */,
			);
			buildRules = (
			);
			dependencies = (
			);
			name = Connect4;
			productName = Connect4;
			productReference = 7A3122F7246A0191001B1C82 /* Connect4.app */;
			productType = "com.apple.product-type.application";
		};
		7A31230C246A01A6001B1C82 /* Connect4Tests */ = {
			isa = PBXNativeTarget;
			buildConfigurationList = 7A312324246A01A6001B1C82 /* Build configuration list for PBXNativeTarget "Connect4Tests" */;
			buildPhases = (
				7A312309246A01A6001B1C82 /* Sources */,
				7A31230A246A01A6001B1C82 /* Frameworks */,
				7A31230B246A01A6001B1C82 /* Resources */,
			);
			buildRules = (
			);
			dependencies = (
				7A31230F246A01A6001B1C82 /* PBXTargetDependency */,
			);
			name = Connect4Tests;
			productName = Connect4Tests;
			productReference = 7A31230D246A01A6001B1C82 /* Connect4Tests.xctest */;
			productType = "com.apple.product-type.bundle.unit-test";
		};
		7A312317246A01A6001B1C82 /* Connect4UITests */ = {
			isa = PBXNativeTarget;
			buildConfigurationList = 7A312327246A01A6001B1C82 /* Build configuration list for PBXNativeTarget "Connect4UITests" */;
			buildPhases = (
				7A312314246A01A6001B1C82 /* Sources */,
				7A312315246A01A6001B1C82 /* Frameworks */,
				7A312316246A01A6001B1C82 /* Resources */,
			);
			buildRules = (
			);
			dependencies = (
				7A31231A246A01A6001B1C82 /* PBXTargetDependency */,
			);
			name = Connect4UITests;
			productName = Connect4UITests;
			productReference = 7A312318246A01A6001B1C82 /* Connect4UITests.xctest */;
			productType = "com.apple.product-type.bundle.ui-testing";
		};
/* End PBXNativeTarget section */

/* Begin PBXProject section */
		7A3122EF246A0190001B1C82 /* Project object */ = {
			isa = PBXProject;
			attributes = {
				LastSwiftUpdateCheck = 1130;
				LastUpgradeCheck = 1130;
				ORGANIZATIONNAME = "Aiden Hadisi";
				TargetAttributes = {
					7A3122F6246A0191001B1C82 = {
						CreatedOnToolsVersion = 11.3.1;
					};
					7A31230C246A01A6001B1C82 = {
						CreatedOnToolsVersion = 11.3.1;
						TestTargetID = 7A3122F6246A0191001B1C82;
					};
					7A312317246A01A6001B1C82 = {
						CreatedOnToolsVersion = 11.3.1;
						TestTargetID = 7A3122F6246A0191001B1C82;
					};
				};
			};
			buildConfigurationList = 7A3122F2246A0190001B1C82 /* Build configuration list for PBXProject "Connect4" */;
			compatibilityVersion = "Xcode 9.3";
			developmentRegion = en;
			hasScannedForEncodings = 0;
			knownRegions = (
				en,
				Base,
			);
			mainGroup = 7A3122EE246A0190001B1C82;
			productRefGroup = 7A3122F8246A0191001B1C82 /* Products */;
			projectDirPath = "";
			projectRoot = "";
			targets = (
				7A3122F6246A0191001B1C82 /* Connect4 */,
				7A31230C246A01A6001B1C82 /* Connect4Tests */,
				7A312317246A01A6001B1C82 /* Connect4UITests */,
			);
		};
/* End PBXProject section */

/* Begin PBXResourcesBuildPhase section */
		7A3122F5246A0191001B1C82 /* Resources */ = {
			isa = PBXResourcesBuildPhase;
			buildActionMask = 2147483647;
			files = (
				7A312307246A01A6001B1C82 /* LaunchScreen.storyboard in Resources */,
				7A312304246A01A6001B1C82 /* Assets.xcassets in Resources */,
				7A312302246A0191001B1C82 /* Main.storyboard in Resources */,
			);
			runOnlyForDeploymentPostprocessing = 0;
		};
		7A31230B246A01A6001B1C82 /* Resources */ = {
			isa = PBXResourcesBuildPhase;
			buildActionMask = 2147483647;
			files = (
			);
			runOnlyForDeploymentPostprocessing = 0;
		};
		7A312316246A01A6001B1C82 /* Resources */ = {
			isa = PBXResourcesBuildPhase;
			buildActionMask = 2147483647;
			files = (
			);
			runOnlyForDeploymentPostprocessing = 0;
		};
/* End PBXResourcesBuildPhase section */

/* Begin PBXSourcesBuildPhase section */
		7A3122F3246A0191001B1C82 /* Sources */ = {
			isa = PBXSourcesBuildPhase;
			buildActionMask = 2147483647;
			files = (
				7A3122FF246A0191001B1C82 /* ViewController.swift in Sources */,
				7A3122FB246A0191001B1C82 /* AppDelegate.swift in Sources */,
				7A3122FD246A0191001B1C82 /* SceneDelegate.swift in Sources */,
			);
			runOnlyForDeploymentPostprocessing = 0;
		};
		7A312309246A01A6001B1C82 /* Sources */ = {
			isa = PBXSourcesBuildPhase;
			buildActionMask = 2147483647;
			files = (
				7A312312246A01A6001B1C82 /* Connect4Tests.swift in Sources */,
			);
			runOnlyForDeploymentPostprocessing = 0;
		};
		7A312314246A01A6001B1C82 /* Sources */ = {
			isa = PBXSourcesBuildPhase;
			buildActionMask = 2147483647;
			files = (
				7A31231D246A01A6001B1C82 /* Connect4UITests.swift in Sources */,
			);
			runOnlyForDeploymentPostprocessing = 0;
		};
/* End PBXSourcesBuildPhase section */

/* Begin PBXTargetDependency section */
		7A31230F246A01A6001B1C82 /* PBXTargetDependency */ = {
			isa = PBXTargetDependency;
			target = 7A3122F6246A0191001B1C82 /* Connect4 */;
			targetProxy = 7A31230E246A01A6001B1C82 /* PBXContainerItemProxy */;
		};
		7A31231A246A01A6001B1C82 /* PBXTargetDependency */ = {
			isa = PBXTargetDependency;
			target = 7A3122F6246A0191001B1C82 /* Connect4 */;
			targetProxy = 7A312319246A01A6001B1C82 /* PBXContainerItemProxy */;
		};
/* End PBXTargetDependency section */

/* Begin PBXVariantGroup section */
		7A312300246A0191001B1C82 /* Main.storyboard */ = {
			isa = PBXVariantGroup;
			children = (
				7A312301246A0191001B1C82 /* Base */,
			);
			name = Main.storyboard;
			sourceTree = "<group>";
		};
		7A312305246A01A6001B1C82 /* LaunchScreen.storyboard */ = {
			isa = PBXVariantGroup;
			children = (
				7A312306246A01A6001B1C82 /* Base */,
			);
			name = LaunchScreen.storyboard;
			sourceTree = "<group>";
		};
/* End PBXVariantGroup section */

/* Begin XCBuildConfiguration section */
		7A31231F246A01A6001B1C82 /* Debug */ = {
			isa = XCBuildConfiguration;
			buildSettings = {
				ALWAYS_SEARCH_USER_PATHS = NO;
				CLANG_ANALYZER_NONNULL = YES;
				CLANG_ANALYZER_NUMBER_OBJECT_CONVERSION = YES_AGGRESSIVE;
				CLANG_CXX_LANGUAGE_STANDARD = "gnu++14";
				CLANG_CXX_LIBRARY = "libc++";
				CLANG_ENABLE_MODULES = YES;
				CLANG_ENABLE_OBJC_ARC = YES;
				CLANG_ENABLE_OBJC_WEAK = YES;
				CLANG_WARN_BLOCK_CAPTURE_AUTORELEASING = YES;
				CLANG_WARN_BOOL_CONVERSION = YES;
				CLANG_WARN_COMMA = YES;
				CLANG_WARN_CONSTANT_CONVERSION = YES;
				CLANG_WARN_DEPRECATED_OBJC_IMPLEMENTATIONS = YES;
				CLANG_WARN_DIRECT_OBJC_ISA_USAGE = YES_ERROR;
				CLANG_WARN_DOCUMENTATION_COMMENTS = YES;
				CLANG_WARN_EMPTY_BODY = YES;
				CLANG_WARN_ENUM_CONVERSION = YES;
				CLANG_WARN_INFINITE_RECURSION = YES;
				CLANG_WARN_INT_CONVERSION = YES;
				CLANG_WARN_NON_LITERAL_NULL_CONVERSION = YES;
				CLANG_WARN_OBJC_IMPLICIT_RETAIN_SELF = YES;
				CLANG_WARN_OBJC_LITERAL_CONVERSION = YES;
				CLANG_WARN_OBJC_ROOT_CLASS = YES_ERROR;
				CLANG_WARN_RANGE_LOOP_ANALYSIS = YES;
				CLANG_WARN_STRICT_PROTOTYPES = YES;
				CLANG_WARN_SUSPICIOUS_MOVE = YES;
				CLANG_WARN_UNGUARDED_AVAILABILITY = YES_AGGRESSIVE;
				CLANG_WARN_UNREACHABLE_CODE = YES;
				CLANG_WARN__DUPLICATE_METHOD_MATCH = YES;
				COPY_PHASE_STRIP = NO;
				DEBUG_INFORMATION_FORMAT = dwarf;
				ENABLE_STRICT_OBJC_MSGSEND = YES;
				ENABLE_TESTABILITY = YES;
				GCC_C_LANGUAGE_STANDARD = gnu11;
				GCC_DYNAMIC_NO_PIC = NO;
				GCC_NO_COMMON_BLOCKS = YES;
				GCC_OPTIMIZATION_LEVEL = 0;
				GCC_PREPROCESSOR_DEFINITIONS = (
					"DEBUG=1",
					"$(inherited)",
				);
				GCC_WARN_64_TO_32_BIT_CONVERSION = YES;
				GCC_WARN_ABOUT_RETURN_TYPE = YES_ERROR;
				GCC_WARN_UNDECLARED_SELECTOR = YES;
				GCC_WARN_UNINITIALIZED_AUTOS = YES_AGGRESSIVE;
				GCC_WARN_UNUSED_FUNCTION = YES;
				GCC_WARN_UNUSED_VARIABLE = YES;
				IPHONEOS_DEPLOYMENT_TARGET = 13.2;
				MTL_ENABLE_DEBUG_INFO = INCLUDE_SOURCE;
				MTL_FAST_MATH = YES;
				ONLY_ACTIVE_ARCH = YES;
				SDKROOT = iphoneos;
				SWIFT_ACTIVE_COMPILATION_CONDITIONS = DEBUG;
				SWIFT_OPTIMIZATION_LEVEL = "-Onone";
			};
			name = Debug;
		};
		7A312320246A01A6001B1C82 /* Release */ = {
			isa = XCBuildConfiguration;
			buildSettings = {
				ALWAYS_SEARCH_USER_PATHS = NO;
				CLANG_ANALYZER_NONNULL = YES;
				CLANG_ANALYZER_NUMBER_OBJECT_CONVERSION = YES_AGGRESSIVE;
				CLANG_CXX_LANGUAGE_STANDARD = "gnu++14";
				CLANG_CXX_LIBRARY = "libc++";
				CLANG_ENABLE_MODULES = YES;
				CLANG_ENABLE_OBJC_ARC = YES;
				CLANG_ENABLE_OBJC_WEAK = YES;
				CLANG_WARN_BLOCK_CAPTURE_AUTORELEASING = YES;
				CLANG_WARN_BOOL_CONVERSION = YES;
				CLANG_WARN_COMMA = YES;
				CLANG_WARN_CONSTANT_CONVERSION = YES;
				CLANG_WARN_DEPRECATED_OBJC_IMPLEMENTATIONS = YES;
				CLANG_WARN_DIRECT_OBJC_ISA_USAGE = YES_ERROR;
				CLANG_WARN_DOCUMENTATION_COMMENTS = YES;
				CLANG_WARN_EMPTY_BODY = YES;
				CLANG_WARN_ENUM_CONVERSION = YES;
				CLANG_WARN_INFINITE_RECURSION = YES;
				CLANG_WARN_INT_CONVERSION = YES;
				CLANG_WARN_NON_LITERAL_NULL_CONVERSION = YES;
				CLANG_WARN_OBJC_IMPLICIT_RETAIN_SELF = YES;
				CLANG_WARN_OBJC_LITERAL_CONVERSION = YES;
				CLANG_WARN_OBJC_ROOT_CLASS = YES_ERROR;
				CLANG_WARN_RANGE_LOOP_ANALYSIS = YES;
				CLANG_WARN_STRICT_PROTOTYPES = YES;
				CLANG_WARN_SUSPICIOUS_MOVE = YES;
				CLANG_WARN_UNGUARDED_AVAILABILITY = YES_AGGRESSIVE;
				CLANG_WARN_UNREACHABLE_CODE = YES;
				CLANG_WARN__DUPLICATE_METHOD_MATCH = YES;
				COPY_PHASE_STRIP = NO;
				DEBUG_INFORMATION_FORMAT = "dwarf-with-dsym";
				ENABLE_NS_ASSERTIONS = NO;
				ENABLE_STRICT_OBJC_MSGSEND = YES;
				GCC_C_LANGUAGE_STANDARD = gnu11;
				GCC_NO_COMMON_BLOCKS = YES;
				GCC_WARN_64_TO_32_BIT_CONVERSION = YES;
				GCC_WARN_ABOUT_RETURN_TYPE = YES_ERROR;
				GCC_WARN_UNDECLARED_SELECTOR = YES;
				GCC_WARN_UNINITIALIZED_AUTOS = YES_AGGRESSIVE;
				GCC_WARN_UNUSED_FUNCTION = YES;
				GCC_WARN_UNUSED_VARIABLE = YES;
				IPHONEOS_DEPLOYMENT_TARGET = 13.2;
				MTL_ENABLE_DEBUG_INFO = NO;
				MTL_FAST_MATH = YES;
				SDKROOT = iphoneos;
				SWIFT_COMPILATION_MODE = wholemodule;
				SWIFT_OPTIMIZATION_LEVEL = "-O";
				VALIDATE_PRODUCT = YES;
			};
			name = Release;
		};
		7A312322246A01A6001B1C82 /* Debug */ = {
			isa = XCBuildConfiguration;
			buildSettings = {
				ASSETCATALOG_COMPILER_APPICON_NAME = AppIcon;
				CODE_SIGN_STYLE = Automatic;
				INFOPLIST_FILE = Connect4/Info.plist;
				LD_RUNPATH_SEARCH_PATHS = (
					"$(inherited)",
					"@executable_path/Frameworks",
				);
				PRODUCT_BUNDLE_IDENTIFIER = com.ahadisi.Connect4;
				PRODUCT_NAME = "$(TARGET_NAME)";
				SWIFT_VERSION = 5.0;
				TARGETED_DEVICE_FAMILY = "1,2";
			};
			name = Debug;
		};
		7A312323246A01A6001B1C82 /* Release */ = {
			isa = XCBuildConfiguration;
			buildSettings = {
				ASSETCATALOG_COMPILER_APPICON_NAME = AppIcon;
				CODE_SIGN_STYLE = Automatic;
				INFOPLIST_FILE = Connect4/Info.plist;
				LD_RUNPATH_SEARCH_PATHS = (
					"$(inherited)",
					"@executable_path/Frameworks",
				);
				PRODUCT_BUNDLE_IDENTIFIER = com.ahadisi.Connect4;
				PRODUCT_NAME = "$(TARGET_NAME)";
				SWIFT_VERSION = 5.0;
				TARGETED_DEVICE_FAMILY = "1,2";
			};
			name = Release;
		};
		7A312325246A01A6001B1C82 /* Debug */ = {
			isa = XCBuildConfiguration;
			buildSettings = {
				ALWAYS_EMBED_SWIFT_STANDARD_LIBRARIES = YES;
				BUNDLE_LOADER = "$(TEST_HOST)";
				CODE_SIGN_STYLE = Automatic;
				INFOPLIST_FILE = Connect4Tests/Info.plist;
				IPHONEOS_DEPLOYMENT_TARGET = 13.2;
				LD_RUNPATH_SEARCH_PATHS = (
					"$(inherited)",
					"@executable_path/Frameworks",
					"@loader_path/Frameworks",
				);
				PRODUCT_BUNDLE_IDENTIFIER = com.ahadisi.Connect4Tests;
				PRODUCT_NAME = "$(TARGET_NAME)";
				SWIFT_VERSION = 5.0;
				TARGETED_DEVICE_FAMILY = "1,2";
				TEST_HOST = "$(BUILT_PRODUCTS_DIR)/Connect4.app/Connect4";
			};
			name = Debug;
		};
		7A312326246A01A6001B1C82 /* Release */ = {
			isa = XCBuildConfiguration;
			buildSettings = {
				ALWAYS_EMBED_SWIFT_STANDARD_LIBRARIES = YES;
				BUNDLE_LOADER = "$(TEST_HOST)";
				CODE_SIGN_STYLE = Automatic;
				INFOPLIST_FILE = Connect4Tests/Info.plist;
				IPHONEOS_DEPLOYMENT_TARGET = 13.2;
				LD_RUNPATH_SEARCH_PATHS = (
					"$(inherited)",
					"@executable_path/Frameworks",
					"@loader_path/Frameworks",
				);
				PRODUCT_BUNDLE_IDENTIFIER = com.ahadisi.Connect4Tests;
				PRODUCT_NAME = "$(TARGET_NAME)";
				SWIFT_VERSION = 5.0;
				TARGETED_DEVICE_FAMILY = "1,2";
				TEST_HOST = "$(BUILT_PRODUCTS_DIR)/Connect4.app/Connect4";
			};
			name = Release;
		};
		7A312328246A01A6001B1C82 /* Debug */ = {
			isa = XCBuildConfiguration;
			buildSettings = {
				ALWAYS_EMBED_SWIFT_STANDARD_LIBRARIES = YES;
				CODE_SIGN_STYLE = Automatic;
				INFOPLIST_FILE = Connect4UITests/Info.plist;
				LD_RUNPATH_SEARCH_PATHS = (
					"$(inherited)",
					"@executable_path/Frameworks",
					"@loader_path/Frameworks",
				);
				PRODUCT_BUNDLE_IDENTIFIER = com.ahadisi.Connect4UITests;
				PRODUCT_NAME = "$(TARGET_NAME)";
				SWIFT_VERSION = 5.0;
				TARGETED_DEVICE_FAMILY = "1,2";
				TEST_TARGET_NAME = Connect4;
			};
			name = Debug;
		};
		7A312329246A01A6001B1C82 /* Release */ = {
			isa = XCBuildConfiguration;
			buildSettings = {
				ALWAYS_EMBED_SWIFT_STANDARD_LIBRARIES = YES;
				CODE_SIGN_STYLE = Automatic;
				INFOPLIST_FILE = Connect4UITests/Info.plist;
				LD_RUNPATH_SEARCH_PATHS = (
					"$(inherited)",
					"@executable_path/Frameworks",
					"@loader_path/Frameworks",
				);
				PRODUCT_BUNDLE_IDENTIFIER = com.ahadisi.Connect4UITests;
				PRODUCT_NAME = "$(TARGET_NAME)";
				SWIFT_VERSION = 5.0;
				TARGETED_DEVICE_FAMILY = "1,2";
				TEST_TARGET_NAME = Connect4;
			};
			name = Release;
		};
/* End XCBuildConfiguration section */

/* Begin XCConfigurationList section */
		7A3122F2246A0190001B1C82 /* Build configuration list for PBXProject "Connect4" */ = {
			isa = XCConfigurationList;
			buildConfigurations = (
				7A31231F246A01A6001B1C82 /* Debug */,
				7A312320246A01A6001B1C82 /* Release */,
			);
			defaultConfigurationIsVisible = 0;
			defaultConfigurationName = Release;
		};
		7A312321246A01A6001B1C82 /* Build configuration list for PBXNativeTarget "Connect4" */ = {
			isa = XCConfigurationList;
			buildConfigurations = (
				7A312322246A01A6001B1C82 /* Debug */,
				7A312323246A01A6001B1C82 /* Release */,
			);
			defaultConfigurationIsVisible = 0;
			defaultConfigurationName = Release;
		};
		7A312324246A01A6001B1C82 /* Build configuration list for PBXNativeTarget "Connect4Tests" */ = {
			isa = XCConfigurationList;
			buildConfigurations = (
				7A312325246A01A6001B1C82 /* Debug */,
				7A312326246A01A6001B1C82 /* Release */,
			);
			defaultConfigurationIsVisible = 0;
			defaultConfigurationName = Release;
		};
		7A312327246A01A6001B1C82 /* Build configuration list for PBXNativeTarget "Connect4UITests" */ = {
			isa = XCConfigurationList;
			buildConfigurations = (
				7A312328246A01A6001B1C82 /* Debug */,
				7A312329246A01A6001B1C82 /* Release */,
			);
			defaultConfigurationIsVisible = 0;
			defaultConfigurationName = Release;
		};
/* End XCConfigurationList section */
	};
	rootObject = 7A3122EF246A0190001B1C82 /* Project object */;
}
